# THIS IS AN AUTOGENERATED FILE. DO NOT EDIT THIS FILE DIRECTLY.
# yarn lockfile v1


"@prisma/client@^2.27.0":
  version "2.27.0"
  resolved "https://registry.yarnpkg.com/@prisma/client/-/client-2.27.0.tgz#17d98e64deea29063bee1778d85b5f7edeb14a26"
  integrity sha512-Sh2b1M8MGbOHbwG1FEqdWTUCrEX3p7gt2e7gpaBWou8yTIJvP1UZ4YlHgpuUcR1q4pEIR/JTZJeQk2l4iDyRBQ==
  dependencies:
    "@prisma/engines-version" "2.27.0-43.cdba6ec525e0213cce26f8e4bb23cf556d1479bb"

"@prisma/engines-version@2.27.0-43.cdba6ec525e0213cce26f8e4bb23cf556d1479bb":
  version "2.27.0-43.cdba6ec525e0213cce26f8e4bb23cf556d1479bb"
  resolved "https://registry.yarnpkg.com/@prisma/engines-version/-/engines-version-2.27.0-43.cdba6ec525e0213cce26f8e4bb23cf556d1479bb.tgz#60a34634fe26be9caca42556605a132e70810e3c"
  integrity sha512-pwOsYdzw8+cwKlUrCzasiRh96RhNuJ/QcKr0HwjxxlUWTmbEayDKjqRRz5fsUYIpSv5fW1B3SsbzHOqVtFZ6XQ==

"@prisma/engines@2.27.0-43.cdba6ec525e0213cce26f8e4bb23cf556d1479bb":
  version "2.27.0-43.cdba6ec525e0213cce26f8e4bb23cf556d1479bb"
  resolved "https://registry.yarnpkg.com/@prisma/engines/-/engines-2.27.0-43.cdba6ec525e0213cce26f8e4bb23cf556d1479bb.tgz#22084a81e90b66665aa3aacde79ef5b1bc3587fe"
  integrity sha512-AIbIhAxmd2CHZO5XzQTPrfk+Tp/5eoNoSledOG3yc6Dk97siLvnBuSEv7prggUbedCufDwZLAvwxV4PEw3zOlQ==

prettier@^2.3.2:
  version "2.3.2"
  resolved "https://registry.yarnpkg.com/prettier/-/prettier-2.3.2.tgz#ef280a05ec253712e486233db5c6f23441e7342d"
  integrity sha512-lnJzDfJ66zkMy58OL5/NY5zp70S7Nz6KqcKkXYzn2tMVrNxvbqaBpg7H3qHaLxCJ5lNMsGuM8+ohS7cZrthdLQ==

prisma@^2.27.0:
  version "2.27.0"
  resolved "https://registry.yarnpkg.com/prisma/-/prisma-2.27.0.tgz#45fdecb9c2470c7ad602e804ffed70dfa7c46ad1"
  integrity sha512-/3H9C+IPlJmY5KArhfKHMpxKXqcZIBZ+LjM1b5FxvLCGQkq/mRC96SpHcKcLtiYgftNAX13nvlxg+cBw9Dbe8Q==
  dependencies:
    "@prisma/engines" "2.27.0-43.cdba6ec525e0213cce26f8e4bb23cf556d1479bb"
